
Microsoft Visual Studio Solution File, Format Version 10.00
# Visual C# Express 2008
Project("{FAE04EC0-301F-11D3-BF4B-00C04F79EFBC}") = "encog-test", "encog-test\encog-test.csproj", "{A07CDCF6-D6C3-490C-8FD4-29837D9F5128}"
EndProject
Global
	GlobalSection(SolutionConfigurationPlatforms) = preSolution
		Debug|Any CPU = Debug|Any CPU
		Release|Any CPU = Release|Any CPU
	EndGlobalSection
	GlobalSection(ProjectConfigurationPlatforms) = postSolution
		{A07CDCF6-D6C3-490C-8FD4-29837D9F5128}.Debug|Any CPU.ActiveCfg = Debug|Any CPU
		{A07CDCF6-D6C3-490C-8FD4-29837D9F5128}.Debug|Any CPU.Build.0 = Debug|Any CPU
		{A07CDCF6-D6C3-490C-8FD4-29837D9F5128}.Release|Any CPU.ActiveCfg = Release|Any CPU
		{A07CDCF6-D6C3-490C-8FD4-29837D9F5128}.Release|Any CPU.Build.0 = Release|Any CPU
	EndGlobalSection
	GlobalSection(SolutionProperties) = preSolution
		HideSolutionNode = FALSE
	EndGlobalSection
EndGlobal
