
Microsoft Visual Studio Solution File, Format Version 10.00
# Visual C# Express 2008
Project("{FAE04EC0-301F-11D3-BF4B-00C04F79EFBC}") = "encog-test", "encog-test\encog-test.csproj", "{C49ABF17-FDD3-4D06-9CB4-7963C3CB98DB}"
EndProject
Global
	GlobalSection(SolutionConfigurationPlatforms) = preSolution
		Debug|Any CPU = Debug|Any CPU
		Release|Any CPU = Release|Any CPU
	EndGlobalSection
	GlobalSection(ProjectConfigurationPlatforms) = postSolution
		{C49ABF17-FDD3-4D06-9CB4-7963C3CB98DB}.Debug|Any CPU.ActiveCfg = Debug|Any CPU
		{C49ABF17-FDD3-4D06-9CB4-7963C3CB98DB}.Debug|Any CPU.Build.0 = Debug|Any CPU
		{C49ABF17-FDD3-4D06-9CB4-7963C3CB98DB}.Release|Any CPU.ActiveCfg = Release|Any CPU
		{C49ABF17-FDD3-4D06-9CB4-7963C3CB98DB}.Release|Any CPU.Build.0 = Release|Any CPU
	EndGlobalSection
	GlobalSection(SolutionProperties) = preSolution
		HideSolutionNode = FALSE
	EndGlobalSection
EndGlobal
